Microsoft Visual Studio Solution File, Format Version 11.00
# Visual Studio 2008

Project("{15CCA272-677A-324B-0459-C65600F72118}") = "2D_test_with_Ads", "Assembly-CSharp-firstpass-vs.csproj", "{15CB175A-4C7C-AACE-A4CC-5C6F9DA7BC1D}"
EndProject
Project("{15CCA272-677A-324B-0459-C65600F72118}") = "2D_test_with_Ads", "Assembly-CSharp-vs.csproj", "{6670D4A4-417C-81E3-AC43-E5BB0F057EFB}"
EndProject
Project("{15CCA272-677A-324B-0459-C65600F72118}") = "2D_test_with_Ads", "Assembly-CSharp-Editor-firstpass-vs.csproj", "{D7ADCEBF-D03D-9EA4-662B-FF1DD3657DF2}"
EndProject
Project("{15CCA272-677A-324B-0459-C65600F72118}") = "2D_test_with_Ads", "Assembly-CSharp-Editor-vs.csproj", "{597FF5F0-7B28-519B-8948-4A14CE1EC354}"
EndProject
Global
	GlobalSection(SolutionConfigurationPlatforms) = preSolution
		Debug|Any CPU = Debug|Any CPU
		Release|Any CPU = Release|Any CPU
	EndGlobalSection
	GlobalSection(ProjectConfigurationPlatforms) = postSolution
		{15CB175A-4C7C-AACE-A4CC-5C6F9DA7BC1D}.Debug|Any CPU.ActiveCfg = Debug|Any CPU
		{15CB175A-4C7C-AACE-A4CC-5C6F9DA7BC1D}.Debug|Any CPU.Build.0 = Debug|Any CPU
		{15CB175A-4C7C-AACE-A4CC-5C6F9DA7BC1D}.Release|Any CPU.ActiveCfg = Release|Any CPU
		{15CB175A-4C7C-AACE-A4CC-5C6F9DA7BC1D}.Release|Any CPU.Build.0 = Release|Any CPU
		{6670D4A4-417C-81E3-AC43-E5BB0F057EFB}.Debug|Any CPU.ActiveCfg = Debug|Any CPU
		{6670D4A4-417C-81E3-AC43-E5BB0F057EFB}.Debug|Any CPU.Build.0 = Debug|Any CPU
		{6670D4A4-417C-81E3-AC43-E5BB0F057EFB}.Release|Any CPU.ActiveCfg = Release|Any CPU
		{6670D4A4-417C-81E3-AC43-E5BB0F057EFB}.Release|Any CPU.Build.0 = Release|Any CPU
		{D7ADCEBF-D03D-9EA4-662B-FF1DD3657DF2}.Debug|Any CPU.ActiveCfg = Debug|Any CPU
		{D7ADCEBF-D03D-9EA4-662B-FF1DD3657DF2}.Debug|Any CPU.Build.0 = Debug|Any CPU
		{D7ADCEBF-D03D-9EA4-662B-FF1DD3657DF2}.Release|Any CPU.ActiveCfg = Release|Any CPU
		{D7ADCEBF-D03D-9EA4-662B-FF1DD3657DF2}.Release|Any CPU.Build.0 = Release|Any CPU
		{597FF5F0-7B28-519B-8948-4A14CE1EC354}.Debug|Any CPU.ActiveCfg = Debug|Any CPU
		{597FF5F0-7B28-519B-8948-4A14CE1EC354}.Debug|Any CPU.Build.0 = Debug|Any CPU
		{597FF5F0-7B28-519B-8948-4A14CE1EC354}.Release|Any CPU.ActiveCfg = Release|Any CPU
		{597FF5F0-7B28-519B-8948-4A14CE1EC354}.Release|Any CPU.Build.0 = Release|Any CPU
	EndGlobalSection
	GlobalSection(SolutionProperties) = preSolution
		HideSolutionNode = FALSE
	EndGlobalSection
																																																																								GlobalSection(MonoDevelopProperties) = preSolution
		StartupItem = Assembly-CSharp.csproj
		Policies = $0
		$0.TextStylePolicy = $1
		$1.inheritsSet = null
		$1.scope = text/x-csharp
		$0.CSharpFormattingPolicy = $2
		$2.inheritsSet = Mono
		$2.inheritsScope = text/x-csharp
		$2.scope = text/x-csharp
		$0.TextStylePolicy = $3
		$3.FileWidth = 120
		$3.TabWidth = 4
		$3.EolMarker = Unix
		$3.inheritsSet = Mono
		$3.inheritsScope = text/plain
		$3.scope = text/plain
	EndGlobalSection

EndGlobal
